
Microsoft Visual Studio Solution File, Format Version 12.00
# Visual Studio Version 16
VisualStudioVersion = 16.0.30717.126
MinimumVisualStudioVersion = 10.0.40219.1
Project("{FAE04EC0-301F-11D3-BF4B-00C04F79EFBC}") = "WpfApp", "WpfApp.csproj", "{903A755A-29A8-48ED-9159-EE58DFCEA630}"
EndProject
Global
	GlobalSection(SolutionConfigurationPlatforms) = preSolution
		Debug|Any CPU = Debug|Any CPU
		Release|Any CPU = Release|Any CPU
	EndGlobalSection
	GlobalSection(ProjectConfigurationPlatforms) = postSolution
		{903A755A-29A8-48ED-9159-EE58DFCEA630}.Debug|Any CPU.ActiveCfg = Debug|Any CPU
		{903A755A-29A8-48ED-9159-EE58DFCEA630}.Debug|Any CPU.Build.0 = Debug|Any CPU
		{903A755A-29A8-48ED-9159-EE58DFCEA630}.Release|Any CPU.ActiveCfg = Release|Any CPU
		{903A755A-29A8-48ED-9159-EE58DFCEA630}.Release|Any CPU.Build.0 = Release|Any CPU
	EndGlobalSection
	GlobalSection(SolutionProperties) = preSolution
		HideSolutionNode = FALSE
	EndGlobalSection
	GlobalSection(ExtensibilityGlobals) = postSolution
		SolutionGuid = {A8A4F6B0-BFA5-44D7-B0CB-982C7485724F}
	EndGlobalSection
EndGlobal
